
Microsoft Visual Studio Solution File, Format Version 12.00
# Visual Studio Version 16
VisualStudioVersion = 16.0.31321.278
MinimumVisualStudioVersion = 10.0.40219.1
Project("{9A19103F-16F7-4668-BE54-9A1E7A4F7556}") = "Inlämning1", "Inlämning1\Inlämning1.csproj", "{1BA55099-F191-4921-81DD-99B411937382}"
EndProject
Global
	GlobalSection(SolutionConfigurationPlatforms) = preSolution
		Debug|Any CPU = Debug|Any CPU
		Release|Any CPU = Release|Any CPU
	EndGlobalSection
	GlobalSection(ProjectConfigurationPlatforms) = postSolution
		{1BA55099-F191-4921-81DD-99B411937382}.Debug|Any CPU.ActiveCfg = Debug|Any CPU
		{1BA55099-F191-4921-81DD-99B411937382}.Debug|Any CPU.Build.0 = Debug|Any CPU
		{1BA55099-F191-4921-81DD-99B411937382}.Release|Any CPU.ActiveCfg = Release|Any CPU
		{1BA55099-F191-4921-81DD-99B411937382}.Release|Any CPU.Build.0 = Release|Any CPU
	EndGlobalSection
	GlobalSection(SolutionProperties) = preSolution
		HideSolutionNode = FALSE
	EndGlobalSection
	GlobalSection(ExtensibilityGlobals) = postSolution
		SolutionGuid = {FF5B77D4-C368-4145-82F5-FC172F576FC1}
	EndGlobalSection
EndGlobal
